# This file is automatically @generated by Cargo.
# It is not intended for manual editing.
version = 4

[[package]]
name = "basic_calc"
version = "0.1.0"

[[package]]
name = "basic_if"
version = "0.1.0"

[[package]]
name = "basic_if_2"
version = "0.1.0"

[[package]]
name = "basic_if_3"
version = "0.1.0"

[[package]]
name = "basic_odd_vs_even"
version = "0.1.0"

[[package]]
name = "basic_variable"
version = "0.1.0"

[package]
name = "cli_ls"
version = "0.1.0"